{
  "name": "scripts",
  "version": "1.0.0",
  "lockfileVersion": 2,
  "requires": true,
  "packages": {
    "": {
      "name": "scripts",
      "version": "1.0.0",
      "license": "ISC",
      "dependencies": {
        "@vhub/md-parser": "^0.0.28"
      }
    },
    "node_modules/@vhub/md-parser": {
      "version": "0.0.28",
      "resolved": "https://registry.npmjs.org/@vhub/md-parser/-/md-parser-0.0.28.tgz",
      "integrity": "sha512-HQ6tN8kTKBP+DO1NXSgmUNHE73HZAn66tDn7wcEEvGdN3pAH2dbI1ERFhr0Al32u1UfU4z/LKfAPzkCTpQAdVg=="
    }
  },
  "dependencies": {
    "@vhub/md-parser": {
      "version": "0.0.28",
      "resolved": "https://registry.npmjs.org/@vhub/md-parser/-/md-parser-0.0.28.tgz",
      "integrity": "sha512-HQ6tN8kTKBP+DO1NXSgmUNHE73HZAn66tDn7wcEEvGdN3pAH2dbI1ERFhr0Al32u1UfU4z/LKfAPzkCTpQAdVg=="
    }
  }
}
